
Microsoft Visual Studio Solution File, Format Version 12.00
# Visual Studio Version 17
VisualStudioVersion = 17.11.35219.272
MinimumVisualStudioVersion = 10.0.40219.1
Project("{9A19103F-16F7-4668-BE54-9A1E7A4F7556}") = "FinancialTechnology", "FinancialTechnology\FinancialTechnology.csproj", "{3BA92195-D904-4A09-8D41-247935085E54}"
EndProject
Project("{FAE04EC0-301F-11D3-BF4B-00C04F79EFBC}") = "FinancialTechnology_Tests", "FinancialTechnology_Tests\FinancialTechnology_Tests.csproj", "{D54438B7-D5F9-472A-BAB7-3789FA1A4FA8}"
EndProject
Global
	GlobalSection(SolutionConfigurationPlatforms) = preSolution
		Debug|Any CPU = Debug|Any CPU
		Release|Any CPU = Release|Any CPU
	EndGlobalSection
	GlobalSection(ProjectConfigurationPlatforms) = postSolution
		{3BA92195-D904-4A09-8D41-247935085E54}.Debug|Any CPU.ActiveCfg = Debug|Any CPU
		{3BA92195-D904-4A09-8D41-247935085E54}.Debug|Any CPU.Build.0 = Debug|Any CPU
		{3BA92195-D904-4A09-8D41-247935085E54}.Release|Any CPU.ActiveCfg = Release|Any CPU
		{3BA92195-D904-4A09-8D41-247935085E54}.Release|Any CPU.Build.0 = Release|Any CPU
		{D54438B7-D5F9-472A-BAB7-3789FA1A4FA8}.Debug|Any CPU.ActiveCfg = Debug|Any CPU
		{D54438B7-D5F9-472A-BAB7-3789FA1A4FA8}.Debug|Any CPU.Build.0 = Debug|Any CPU
		{D54438B7-D5F9-472A-BAB7-3789FA1A4FA8}.Release|Any CPU.ActiveCfg = Release|Any CPU
		{D54438B7-D5F9-472A-BAB7-3789FA1A4FA8}.Release|Any CPU.Build.0 = Release|Any CPU
	EndGlobalSection
	GlobalSection(SolutionProperties) = preSolution
		HideSolutionNode = FALSE
	EndGlobalSection
	GlobalSection(ExtensibilityGlobals) = postSolution
		SolutionGuid = {3FBF7734-2566-49F2-BE4C-3A03F3F653D2}
	EndGlobalSection
EndGlobal
